
Microsoft Visual Studio Solution File, Format Version 12.00
# Visual Studio Version 16
VisualStudioVersion = 16.0.29613.14
MinimumVisualStudioVersion = 10.0.40219.1
Project("{FAE04EC0-301F-11D3-BF4B-00C04F79EFBC}") = "SQLiteModel", "SQLiteModel\SQLiteModel.csproj", "{94DBC474-9B7F-48B5-A9A2-AF2BCC17EA88}"
EndProject
Project("{FAE04EC0-301F-11D3-BF4B-00C04F79EFBC}") = "StDorModelLibrary", "..\StudentDormitories\StDorModelLibrary\StDorModelLibrary.csproj", "{CCFDCFE6-07B0-48D1-B67B-3008D68299D2}"
EndProject
Project("{FAE04EC0-301F-11D3-BF4B-00C04F79EFBC}") = "CommLibrary", "..\StudentDormitories\CommLibrary\CommLibrary.csproj", "{70531673-6A48-408B-BDE2-8C82E04F20DE}"
EndProject
Project("{FAE04EC0-301F-11D3-BF4B-00C04F79EFBC}") = "StudentDormitories", "..\StudentDormitories\StudentDormitories\StudentDormitories.csproj", "{2DF33366-0D10-4AC3-AD1A-A2A352A5340D}"
EndProject
Global
	GlobalSection(SolutionConfigurationPlatforms) = preSolution
		Debug|Any CPU = Debug|Any CPU
		Release|Any CPU = Release|Any CPU
	EndGlobalSection
	GlobalSection(ProjectConfigurationPlatforms) = postSolution
		{94DBC474-9B7F-48B5-A9A2-AF2BCC17EA88}.Debug|Any CPU.ActiveCfg = Debug|Any CPU
		{94DBC474-9B7F-48B5-A9A2-AF2BCC17EA88}.Debug|Any CPU.Build.0 = Debug|Any CPU
		{94DBC474-9B7F-48B5-A9A2-AF2BCC17EA88}.Release|Any CPU.ActiveCfg = Release|Any CPU
		{94DBC474-9B7F-48B5-A9A2-AF2BCC17EA88}.Release|Any CPU.Build.0 = Release|Any CPU
		{CCFDCFE6-07B0-48D1-B67B-3008D68299D2}.Debug|Any CPU.ActiveCfg = Debug|Any CPU
		{CCFDCFE6-07B0-48D1-B67B-3008D68299D2}.Debug|Any CPU.Build.0 = Debug|Any CPU
		{CCFDCFE6-07B0-48D1-B67B-3008D68299D2}.Release|Any CPU.ActiveCfg = Release|Any CPU
		{CCFDCFE6-07B0-48D1-B67B-3008D68299D2}.Release|Any CPU.Build.0 = Release|Any CPU
		{70531673-6A48-408B-BDE2-8C82E04F20DE}.Debug|Any CPU.ActiveCfg = Debug|Any CPU
		{70531673-6A48-408B-BDE2-8C82E04F20DE}.Debug|Any CPU.Build.0 = Debug|Any CPU
		{70531673-6A48-408B-BDE2-8C82E04F20DE}.Release|Any CPU.ActiveCfg = Release|Any CPU
		{70531673-6A48-408B-BDE2-8C82E04F20DE}.Release|Any CPU.Build.0 = Release|Any CPU
		{2DF33366-0D10-4AC3-AD1A-A2A352A5340D}.Debug|Any CPU.ActiveCfg = Debug|Any CPU
		{2DF33366-0D10-4AC3-AD1A-A2A352A5340D}.Debug|Any CPU.Build.0 = Debug|Any CPU
		{2DF33366-0D10-4AC3-AD1A-A2A352A5340D}.Release|Any CPU.ActiveCfg = Release|Any CPU
		{2DF33366-0D10-4AC3-AD1A-A2A352A5340D}.Release|Any CPU.Build.0 = Release|Any CPU
	EndGlobalSection
	GlobalSection(SolutionProperties) = preSolution
		HideSolutionNode = FALSE
	EndGlobalSection
	GlobalSection(ExtensibilityGlobals) = postSolution
		SolutionGuid = {6E65DABD-56CE-49E6-9DCB-97365D2A2349}
	EndGlobalSection
EndGlobal
