
Microsoft Visual Studio Solution File, Format Version 12.00
# Visual Studio Version 16
VisualStudioVersion = 16.0.29613.14
MinimumVisualStudioVersion = 10.0.40219.1
Project("{FAE04EC0-301F-11D3-BF4B-00C04F79EFBC}") = "StudentDormitories", "StudentDormitories\StudentDormitories.csproj", "{2DF33366-0D10-4AC3-AD1A-A2A352A5340D}"
EndProject
Project("{FAE04EC0-301F-11D3-BF4B-00C04F79EFBC}") = "StDorModel", "StDorModel\StDorModel.csproj", "{52E55F6D-CDFB-47ED-A2E9-28ACC53F9C3B}"
EndProject
Project("{FAE04EC0-301F-11D3-BF4B-00C04F79EFBC}") = "CommLibrary", "CommLibrary\CommLibrary.csproj", "{70531673-6A48-408B-BDE2-8C82E04F20DE}"
EndProject
Project("{FAE04EC0-301F-11D3-BF4B-00C04F79EFBC}") = "StDorModelLibrary", "StDorModelLibrary\StDorModelLibrary.csproj", "{CCFDCFE6-07B0-48D1-B67B-3008D68299D2}"
EndProject
Project("{FAE04EC0-301F-11D3-BF4B-00C04F79EFBC}") = "ConsoleDebug", "ConsoleDebug\ConsoleDebug.csproj", "{AA4DF876-1F2F-4D72-AF04-23F74DFC8DE6}"
EndProject
Global
	GlobalSection(SolutionConfigurationPlatforms) = preSolution
		Debug|Any CPU = Debug|Any CPU
		Release|Any CPU = Release|Any CPU
	EndGlobalSection
	GlobalSection(ProjectConfigurationPlatforms) = postSolution
		{2DF33366-0D10-4AC3-AD1A-A2A352A5340D}.Debug|Any CPU.ActiveCfg = Debug|Any CPU
		{2DF33366-0D10-4AC3-AD1A-A2A352A5340D}.Debug|Any CPU.Build.0 = Debug|Any CPU
		{2DF33366-0D10-4AC3-AD1A-A2A352A5340D}.Release|Any CPU.ActiveCfg = Release|Any CPU
		{2DF33366-0D10-4AC3-AD1A-A2A352A5340D}.Release|Any CPU.Build.0 = Release|Any CPU
		{52E55F6D-CDFB-47ED-A2E9-28ACC53F9C3B}.Debug|Any CPU.ActiveCfg = Debug|Any CPU
		{52E55F6D-CDFB-47ED-A2E9-28ACC53F9C3B}.Debug|Any CPU.Build.0 = Debug|Any CPU
		{52E55F6D-CDFB-47ED-A2E9-28ACC53F9C3B}.Release|Any CPU.ActiveCfg = Release|Any CPU
		{52E55F6D-CDFB-47ED-A2E9-28ACC53F9C3B}.Release|Any CPU.Build.0 = Release|Any CPU
		{70531673-6A48-408B-BDE2-8C82E04F20DE}.Debug|Any CPU.ActiveCfg = Debug|Any CPU
		{70531673-6A48-408B-BDE2-8C82E04F20DE}.Debug|Any CPU.Build.0 = Debug|Any CPU
		{70531673-6A48-408B-BDE2-8C82E04F20DE}.Release|Any CPU.ActiveCfg = Release|Any CPU
		{70531673-6A48-408B-BDE2-8C82E04F20DE}.Release|Any CPU.Build.0 = Release|Any CPU
		{CCFDCFE6-07B0-48D1-B67B-3008D68299D2}.Debug|Any CPU.ActiveCfg = Debug|Any CPU
		{CCFDCFE6-07B0-48D1-B67B-3008D68299D2}.Debug|Any CPU.Build.0 = Debug|Any CPU
		{CCFDCFE6-07B0-48D1-B67B-3008D68299D2}.Release|Any CPU.ActiveCfg = Release|Any CPU
		{CCFDCFE6-07B0-48D1-B67B-3008D68299D2}.Release|Any CPU.Build.0 = Release|Any CPU
		{AA4DF876-1F2F-4D72-AF04-23F74DFC8DE6}.Debug|Any CPU.ActiveCfg = Debug|Any CPU
		{AA4DF876-1F2F-4D72-AF04-23F74DFC8DE6}.Debug|Any CPU.Build.0 = Debug|Any CPU
		{AA4DF876-1F2F-4D72-AF04-23F74DFC8DE6}.Release|Any CPU.ActiveCfg = Release|Any CPU
		{AA4DF876-1F2F-4D72-AF04-23F74DFC8DE6}.Release|Any CPU.Build.0 = Release|Any CPU
	EndGlobalSection
	GlobalSection(SolutionProperties) = preSolution
		HideSolutionNode = FALSE
	EndGlobalSection
	GlobalSection(ExtensibilityGlobals) = postSolution
		SolutionGuid = {7C3B938B-4919-4CE3-BDD9-58B1133DFD11}
	EndGlobalSection
EndGlobal
